#
# This file is autogenerated by pip-compile with Python 3.14
# by the following command:
#
#    pip-compile --output-file=requirements-dev.lock requirements-dev.txt
#
alembic==1.18.5
    # via -r requirements.lock
annotated-doc==0.0.5
    # via
    #   -r requirements.lock
    #   fastapi
annotated-types==0.8.0
    # via
    #   -r requirements.lock
    #   pydantic
anyio==4.14.2
    # via
    #   -r requirements.lock
    #   httpx
    #   starlette
    #   watchfiles
argon2-cffi==25.1.0
    # via
    #   -r requirements.lock
    #   pwdlib
argon2-cffi-bindings==25.1.0
    # via
    #   -r requirements.lock
    #   argon2-cffi
build==1.5.0
    # via pip-tools
certifi==2026.7.22
    # via
    #   httpcore
    #   httpx
cffi==2.1.0
    # via
    #   -r requirements.lock
    #   argon2-cffi-bindings
click==8.4.2
    # via
    #   -r requirements.lock
    #   pip-tools
    #   uvicorn
coverage[toml]==7.15.2
    # via pytest-cov
dnspython==2.8.0
    # via
    #   -r requirements.lock
    #   email-validator
email-validator==2.3.0
    # via -r requirements.lock
fastapi==0.138.2
    # via -r requirements.lock
greenlet==3.5.4
    # via
    #   -r requirements.lock
    #   sqlalchemy
h11==0.16.0
    # via
    #   -r requirements.lock
    #   httpcore
    #   uvicorn
httpcore==1.0.9
    # via httpx
httptools==0.8.0
    # via
    #   -r requirements.lock
    #   uvicorn
httpx==0.28.1
    # via -r requirements-dev.txt
idna==3.18
    # via
    #   -r requirements.lock
    #   anyio
    #   email-validator
    #   httpx
iniconfig==2.3.0
    # via pytest
mako==1.3.12
    # via
    #   -r requirements.lock
    #   alembic
markupsafe==3.0.3
    # via
    #   -r requirements.lock
    #   mako
packaging==26.2
    # via
    #   build
    #   pytest
    #   wheel
pip-tools==7.6.0
    # via -r requirements-dev.txt
pluggy==1.6.0
    # via
    #   pytest
    #   pytest-cov
psycopg[binary]==3.3.4
    # via -r requirements.lock
psycopg-binary==3.3.4
    # via
    #   -r requirements.lock
    #   psycopg
pwdlib[argon2]==0.3.0
    # via -r requirements.lock
pycparser==3.0
    # via
    #   -r requirements.lock
    #   cffi
pydantic==2.13.4
    # via
    #   -r requirements.lock
    #   fastapi
    #   pydantic-settings
pydantic-core==2.46.4
    # via
    #   -r requirements.lock
    #   pydantic
pydantic-settings==2.14.2
    # via -r requirements.lock
pygments==2.20.0
    # via pytest
pyjwt==2.13.0
    # via -r requirements.lock
pyproject-hooks==1.2.0
    # via
    #   build
    #   pip-tools
pytest==9.1.1
    # via
    #   -r requirements-dev.txt
    #   pytest-cov
pytest-cov==7.1.0
    # via -r requirements-dev.txt
python-dotenv==1.2.2
    # via
    #   -r requirements.lock
    #   pydantic-settings
    #   uvicorn
python-multipart==0.0.32
    # via -r requirements.lock
pyyaml==6.0.3
    # via
    #   -r requirements.lock
    #   uvicorn
sqlalchemy==2.0.51
    # via
    #   -r requirements.lock
    #   alembic
starlette==1.3.1
    # via
    #   -r requirements.lock
    #   fastapi
typing-extensions==4.16.0
    # via
    #   -r requirements.lock
    #   alembic
    #   fastapi
    #   pydantic
    #   pydantic-core
    #   sqlalchemy
    #   typing-inspection
typing-inspection==0.4.2
    # via
    #   -r requirements.lock
    #   fastapi
    #   pydantic
    #   pydantic-settings
uvicorn[standard]==0.49.0
    # via -r requirements.lock
uvloop==0.22.1
    # via
    #   -r requirements.lock
    #   uvicorn
watchfiles==1.2.0
    # via
    #   -r requirements.lock
    #   uvicorn
websockets==17.0
    # via
    #   -r requirements.lock
    #   uvicorn
wheel==0.47.0
    # via pip-tools

# The following packages are considered to be unsafe in a requirements file:
# pip
# setuptools
